
Microsoft Visual Studio Solution File, Format Version 12.00
# Visual Studio Version 16
VisualStudioVersion = 16.0.29806.167
MinimumVisualStudioVersion = 10.0.40219.1
Project("{FAE04EC0-301F-11D3-BF4B-00C04F79EFBC}") = "laba1", "laba1\laba1.csproj", "{9904B5B7-EB50-4373-9125-D6651A954BFA}"
EndProject
Global
	GlobalSection(SolutionConfigurationPlatforms) = preSolution
		Debug|Any CPU = Debug|Any CPU
		Release|Any CPU = Release|Any CPU
	EndGlobalSection
	GlobalSection(ProjectConfigurationPlatforms) = postSolution
		{9904B5B7-EB50-4373-9125-D6651A954BFA}.Debug|Any CPU.ActiveCfg = Debug|Any CPU
		{9904B5B7-EB50-4373-9125-D6651A954BFA}.Debug|Any CPU.Build.0 = Debug|Any CPU
		{9904B5B7-EB50-4373-9125-D6651A954BFA}.Release|Any CPU.ActiveCfg = Release|Any CPU
		{9904B5B7-EB50-4373-9125-D6651A954BFA}.Release|Any CPU.Build.0 = Release|Any CPU
	EndGlobalSection
	GlobalSection(SolutionProperties) = preSolution
		HideSolutionNode = FALSE
	EndGlobalSection
	GlobalSection(ExtensibilityGlobals) = postSolution
		SolutionGuid = {663F750E-0FA2-4D4B-BE9D-009D2048B482}
	EndGlobalSection
EndGlobal
